
Microsoft Visual Studio Solution File, Format Version 12.00
# Visual Studio Version 16
VisualStudioVersion = 16.0.30128.74
MinimumVisualStudioVersion = 10.0.40219.1
Project("{9A19103F-16F7-4668-BE54-9A1E7A4F7556}") = "CardFlipperServer", "..\CardFlipperServer\CardFlipperServer.csproj", "{F3F267AC-B5F9-494A-8308-193EE4540E40}"
EndProject
Global
	GlobalSection(SolutionConfigurationPlatforms) = preSolution
		Debug|Any CPU = Debug|Any CPU
		Release|Any CPU = Release|Any CPU
	EndGlobalSection
	GlobalSection(ProjectConfigurationPlatforms) = postSolution
		{F3F267AC-B5F9-494A-8308-193EE4540E40}.Debug|Any CPU.ActiveCfg = Debug|Any CPU
		{F3F267AC-B5F9-494A-8308-193EE4540E40}.Debug|Any CPU.Build.0 = Debug|Any CPU
		{F3F267AC-B5F9-494A-8308-193EE4540E40}.Release|Any CPU.ActiveCfg = Release|Any CPU
		{F3F267AC-B5F9-494A-8308-193EE4540E40}.Release|Any CPU.Build.0 = Release|Any CPU
	EndGlobalSection
	GlobalSection(SolutionProperties) = preSolution
		HideSolutionNode = FALSE
	EndGlobalSection
	GlobalSection(ExtensibilityGlobals) = postSolution
		SolutionGuid = {CEE75480-8A26-4647-AB10-EF91C16E5CE2}
	EndGlobalSection
EndGlobal
